// !$*UTF8*$!
{
	archiveVersion = 1;
	classes = {
	};
	objectVersion = 77;
	objects = {

/* Begin PBXBuildFile section */
		CB8355432DBE3BB40060D088 /* HGCircularSlider in Frameworks */ = {isa = PBXBuildFile; productRef = CB8355422DBE3BB40060D088 /* HGCircularSlider */; };
		CB83554F2DBE6F3C0060D088 /* IQKeyboardManagerSwift in Frameworks */ = {isa = PBXBuildFile; productRef = CB83554E2DBE6F3C0060D088 /* IQKeyboardManagerSwift */; };
		CBCAE4902DBBA4A400626A29 /* Anchorage in Frameworks */ = {isa = PBXBuildFile; productRef = CBCAE48F2DBBA4A400626A29 /* Anchorage */; };
		CBE0CE762DBD33000079B316 /* Alamofire in Frameworks */ = {isa = PBXBuildFile; productRef = CBE0CE752DBD33000079B316 /* Alamofire */; };
/* End PBXBuildFile section */

/* Begin PBXContainerItemProxy section */
		CB73EAF72DBF7E2900030B34 /* PBXContainerItemProxy */ = {
			isa = PBXContainerItemProxy;
			containerPortal = CBCAE46E2DBBA04900626A29 /* Project object */;
			proxyType = 1;
			remoteGlobalIDString = CBCAE4752DBBA04900626A29;
			remoteInfo = "Map Kit Demo";
		};
/* End PBXContainerItemProxy section */

/* Begin PBXFileReference section */
		CB73EAF32DBF7E2900030B34 /* Map Kit DemoTests.xctest */ = {isa = PBXFileReference; explicitFileType = wrapper.cfbundle; includeInIndex = 0; path = "Map Kit DemoTests.xctest"; sourceTree = BUILT_PRODUCTS_DIR; };
		CBCAE4762DBBA04900626A29 /* Map Kit Demo.app */ = {isa = PBXFileReference; explicitFileType = wrapper.application; includeInIndex = 0; path = "Map Kit Demo.app"; sourceTree = BUILT_PRODUCTS_DIR; };
/* End PBXFileReference section */

/* Begin PBXFileSystemSynchronizedBuildFileExceptionSet section */
		CBCAE4882DBBA04A00626A29 /* Exceptions for "Map Kit Demo" folder in "Map Kit Demo" target */ = {
			isa = PBXFileSystemSynchronizedBuildFileExceptionSet;
			membershipExceptions = (
				Info.plist,
			);
			target = CBCAE4752DBBA04900626A29 /* Map Kit Demo */;
		};
/* End PBXFileSystemSynchronizedBuildFileExceptionSet section */

/* Begin PBXFileSystemSynchronizedRootGroup section */
		CB73EAF42DBF7E2900030B34 /* Map Kit DemoTests */ = {
			isa = PBXFileSystemSynchronizedRootGroup;
			path = "Map Kit DemoTests";
			sourceTree = "<group>";
		};
		CBCAE4782DBBA04900626A29 /* Map Kit Demo */ = {
			isa = PBXFileSystemSynchronizedRootGroup;
			exceptions = (
				CBCAE4882DBBA04A00626A29 /* Exceptions for "Map Kit Demo" folder in "Map Kit Demo" target */,
			);
			path = "Map Kit Demo";
			sourceTree = "<group>";
		};
/* End PBXFileSystemSynchronizedRootGroup section */

/* Begin PBXFrameworksBuildPhase section */
		CB73EAF02DBF7E2900030B34 /* Frameworks */ = {
			isa = PBXFrameworksBuildPhase;
			buildActionMask = 2147483647;
			files = (
			);
			runOnlyForDeploymentPostprocessing = 0;
		};
		CBCAE4732DBBA04900626A29 /* Frameworks */ = {
			isa = PBXFrameworksBuildPhase;
			buildActionMask = 2147483647;
			files = (
				CB83554F2DBE6F3C0060D088 /* IQKeyboardManagerSwift in Frameworks */,
				CBE0CE762DBD33000079B316 /* Alamofire in Frameworks */,
				CBCAE4902DBBA4A400626A29 /* Anchorage in Frameworks */,
				CB8355432DBE3BB40060D088 /* HGCircularSlider in Frameworks */,
			);
			runOnlyForDeploymentPostprocessing = 0;
		};
/* End PBXFrameworksBuildPhase section */

/* Begin PBXGroup section */
		CB8355502DBE6F920060D088 /* Frameworks */ = {
			isa = PBXGroup;
			children = (
			);
			name = Frameworks;
			sourceTree = "<group>";
		};
		CBCAE46D2DBBA04900626A29 = {
			isa = PBXGroup;
			children = (
				CBCAE4782DBBA04900626A29 /* Map Kit Demo */,
				CB73EAF42DBF7E2900030B34 /* Map Kit DemoTests */,
				CB8355502DBE6F920060D088 /* Frameworks */,
				CBCAE4772DBBA04900626A29 /* Products */,
			);
			sourceTree = "<group>";
		};
		CBCAE4772DBBA04900626A29 /* Products */ = {
			isa = PBXGroup;
			children = (
				CBCAE4762DBBA04900626A29 /* Map Kit Demo.app */,
				CB73EAF32DBF7E2900030B34 /* Map Kit DemoTests.xctest */,
			);
			name = Products;
			sourceTree = "<group>";
		};
/* End PBXGroup section */

/* Begin PBXNativeTarget section */
		CB73EAF22DBF7E2900030B34 /* Map Kit DemoTests */ = {
			isa = PBXNativeTarget;
			buildConfigurationList = CB73EAF92DBF7E2900030B34 /* Build configuration list for PBXNativeTarget "Map Kit DemoTests" */;
			buildPhases = (
				CB73EAEF2DBF7E2900030B34 /* Sources */,
				CB73EAF02DBF7E2900030B34 /* Frameworks */,
				CB73EAF12DBF7E2900030B34 /* Resources */,
			);
			buildRules = (
			);
			dependencies = (
				CB73EAF82DBF7E2900030B34 /* PBXTargetDependency */,
			);
			fileSystemSynchronizedGroups = (
				CB73EAF42DBF7E2900030B34 /* Map Kit DemoTests */,
			);
			name = "Map Kit DemoTests";
			packageProductDependencies = (
			);
			productName = "Map Kit DemoTests";
			productReference = CB73EAF32DBF7E2900030B34 /* Map Kit DemoTests.xctest */;
			productType = "com.apple.product-type.bundle.unit-test";
		};
		CBCAE4752DBBA04900626A29 /* Map Kit Demo */ = {
			isa = PBXNativeTarget;
			buildConfigurationList = CBCAE4892DBBA04A00626A29 /* Build configuration list for PBXNativeTarget "Map Kit Demo" */;
			buildPhases = (
				CBCAE4722DBBA04900626A29 /* Sources */,
				CBCAE4732DBBA04900626A29 /* Frameworks */,
				CBCAE4742DBBA04900626A29 /* Resources */,
			);
			buildRules = (
			);
			dependencies = (
			);
			fileSystemSynchronizedGroups = (
				CBCAE4782DBBA04900626A29 /* Map Kit Demo */,
			);
			name = "Map Kit Demo";
			packageProductDependencies = (
				CBCAE48F2DBBA4A400626A29 /* Anchorage */,
				CBE0CE752DBD33000079B316 /* Alamofire */,
				CB8355422DBE3BB40060D088 /* HGCircularSlider */,
				CB83554E2DBE6F3C0060D088 /* IQKeyboardManagerSwift */,
			);
			productName = "Map Kit Demo";
			productReference = CBCAE4762DBBA04900626A29 /* Map Kit Demo.app */;
			productType = "com.apple.product-type.application";
		};
/* End PBXNativeTarget section */

/* Begin PBXProject section */
		CBCAE46E2DBBA04900626A29 /* Project object */ = {
			isa = PBXProject;
			attributes = {
				BuildIndependentTargetsInParallel = 1;
				LastSwiftUpdateCheck = 1630;
				LastUpgradeCheck = 1630;
				TargetAttributes = {
					CB73EAF22DBF7E2900030B34 = {
						CreatedOnToolsVersion = 16.3;
						TestTargetID = CBCAE4752DBBA04900626A29;
					};
					CBCAE4752DBBA04900626A29 = {
						CreatedOnToolsVersion = 16.3;
					};
				};
			};
			buildConfigurationList = CBCAE4712DBBA04900626A29 /* Build configuration list for PBXProject "Map Kit Demo" */;
			developmentRegion = en;
			hasScannedForEncodings = 0;
			knownRegions = (
				en,
				Base,
			);
			mainGroup = CBCAE46D2DBBA04900626A29;
			minimizedProjectReferenceProxies = 1;
			packageReferences = (
				CBCAE48E2DBBA4A400626A29 /* XCRemoteSwiftPackageReference "Anchorage" */,
				CBE0CE742DBD33000079B316 /* XCRemoteSwiftPackageReference "Alamofire" */,
				CB8355412DBE3BB40060D088 /* XCRemoteSwiftPackageReference "HGCircularSlider" */,
				CB83554D2DBE6F3C0060D088 /* XCRemoteSwiftPackageReference "IQKeyboardManager" */,
			);
			preferredProjectObjectVersion = 77;
			productRefGroup = CBCAE4772DBBA04900626A29 /* Products */;
			projectDirPath = "";
			projectRoot = "";
			targets = (
				CBCAE4752DBBA04900626A29 /* Map Kit Demo */,
				CB73EAF22DBF7E2900030B34 /* Map Kit DemoTests */,
			);
		};
/* End PBXProject section */

/* Begin PBXResourcesBuildPhase section */
		CB73EAF12DBF7E2900030B34 /* Resources */ = {
			isa = PBXResourcesBuildPhase;
			buildActionMask = 2147483647;
			files = (
			);
			runOnlyForDeploymentPostprocessing = 0;
		};
		CBCAE4742DBBA04900626A29 /* Resources */ = {
			isa = PBXResourcesBuildPhase;
			buildActionMask = 2147483647;
			files = (
			);
			runOnlyForDeploymentPostprocessing = 0;
		};
/* End PBXResourcesBuildPhase section */

/* Begin PBXSourcesBuildPhase section */
		CB73EAEF2DBF7E2900030B34 /* Sources */ = {
			isa = PBXSourcesBuildPhase;
			buildActionMask = 2147483647;
			files = (
			);
			runOnlyForDeploymentPostprocessing = 0;
		};
		CBCAE4722DBBA04900626A29 /* Sources */ = {
			isa = PBXSourcesBuildPhase;
			buildActionMask = 2147483647;
			files = (
			);
			runOnlyForDeploymentPostprocessing = 0;
		};
/* End PBXSourcesBuildPhase section */

/* Begin PBXTargetDependency section */
		CB73EAF82DBF7E2900030B34 /* PBXTargetDependency */ = {
			isa = PBXTargetDependency;
			target = CBCAE4752DBBA04900626A29 /* Map Kit Demo */;
			targetProxy = CB73EAF72DBF7E2900030B34 /* PBXContainerItemProxy */;
		};
/* End PBXTargetDependency section */

/* Begin XCBuildConfiguration section */
		CB73EAFA2DBF7E2900030B34 /* Debug */ = {
			isa = XCBuildConfiguration;
			buildSettings = {
				BUNDLE_LOADER = "$(TEST_HOST)";
				CODE_SIGN_STYLE = Automatic;
				CURRENT_PROJECT_VERSION = 1;
				DEVELOPMENT_TEAM = 52DPF52M65;
				GENERATE_INFOPLIST_FILE = YES;
				MARKETING_VERSION = 1.0;
				PRODUCT_BUNDLE_IDENTIFIER = "abc.Map-Kit-DemoTests";
				PRODUCT_NAME = "$(TARGET_NAME)";
				SWIFT_EMIT_LOC_STRINGS = NO;
				SWIFT_VERSION = 5.0;
				TARGETED_DEVICE_FAMILY = "1,2";
				TEST_HOST = "$(BUILT_PRODUCTS_DIR)/Map Kit Demo.app/$(BUNDLE_EXECUTABLE_FOLDER_PATH)/Map Kit Demo";
			};
			name = Debug;
		};
		CB73EAFB2DBF7E2900030B34 /* Release */ = {
			isa = XCBuildConfiguration;
			buildSettings = {
				BUNDLE_LOADER = "$(TEST_HOST)";
				CODE_SIGN_STYLE = Automatic;
				CURRENT_PROJECT_VERSION = 1;
				DEVELOPMENT_TEAM = 52DPF52M65;
				GENERATE_INFOPLIST_FILE = YES;
				MARKETING_VERSION = 1.0;
				PRODUCT_BUNDLE_IDENTIFIER = "abc.Map-Kit-DemoTests";
				PRODUCT_NAME = "$(TARGET_NAME)";
				SWIFT_EMIT_LOC_STRINGS = NO;
				SWIFT_VERSION = 5.0;
				TARGETED_DEVICE_FAMILY = "1,2";
				TEST_HOST = "$(BUILT_PRODUCTS_DIR)/Map Kit Demo.app/$(BUNDLE_EXECUTABLE_FOLDER_PATH)/Map Kit Demo";
			};
			name = Release;
		};
		CBCAE48A2DBBA04A00626A29 /* Debug */ = {
			isa = XCBuildConfiguration;
			buildSettings = {
				ASSETCATALOG_COMPILER_APPICON_NAME = AppIcon;
				ASSETCATALOG_COMPILER_GLOBAL_ACCENT_COLOR_NAME = AccentColor;
				CODE_SIGN_STYLE = Automatic;
				CURRENT_PROJECT_VERSION = 1;
				DEVELOPMENT_TEAM = 52DPF52M65;
				GENERATE_INFOPLIST_FILE = YES;
				INFOPLIST_FILE = "Map Kit Demo/Info.plist";
				INFOPLIST_KEY_NSLocationAlwaysAndWhenInUseUsageDescription = "Need location access.";
				INFOPLIST_KEY_NSLocationAlwaysUsageDescription = "We need your location to monitor geofence regions even when the app is in the background.";
				INFOPLIST_KEY_NSLocationWhenInUseUsageDescription = "Need location access";
				INFOPLIST_KEY_UIApplicationSupportsIndirectInputEvents = YES;
				INFOPLIST_KEY_UILaunchStoryboardName = LaunchScreen;
				INFOPLIST_KEY_UIMainStoryboardFile = Main;
				INFOPLIST_KEY_UISupportedInterfaceOrientations_iPad = "UIInterfaceOrientationPortrait UIInterfaceOrientationPortraitUpsideDown UIInterfaceOrientationLandscapeLeft UIInterfaceOrientationLandscapeRight";
				INFOPLIST_KEY_UISupportedInterfaceOrientations_iPhone = "UIInterfaceOrientationPortrait UIInterfaceOrientationLandscapeLeft UIInterfaceOrientationLandscapeRight";
				IPHONEOS_DEPLOYMENT_TARGET = 15.0;
				LD_RUNPATH_SEARCH_PATHS = (
					"$(inherited)",
					"@executable_path/Frameworks",
				);
				MARKETING_VERSION = 1.0;
				PRODUCT_BUNDLE_IDENTIFIER = "abc.Map-Kit-Demo";
				PRODUCT_NAME = "$(TARGET_NAME)";
				SWIFT_EMIT_LOC_STRINGS = YES;
				SWIFT_VERSION = 5.0;
				TARGETED_DEVICE_FAMILY = "1,2";
			};
			name = Debug;
		};
		CBCAE48B2DBBA04A00626A29 /* Release */ = {
			isa = XCBuildConfiguration;
			buildSettings = {
				ASSETCATALOG_COMPILER_APPICON_NAME = AppIcon;
				ASSETCATALOG_COMPILER_GLOBAL_ACCENT_COLOR_NAME = AccentColor;
				CODE_SIGN_STYLE = Automatic;
				CURRENT_PROJECT_VERSION = 1;
				DEVELOPMENT_TEAM = 52DPF52M65;
				GENERATE_INFOPLIST_FILE = YES;
				INFOPLIST_FILE = "Map Kit Demo/Info.plist";
				INFOPLIST_KEY_NSLocationAlwaysAndWhenInUseUsageDescription = "Need location access.";
				INFOPLIST_KEY_NSLocationAlwaysUsageDescription = "We need your location to monitor geofence regions even when the app is in the background.";
				INFOPLIST_KEY_NSLocationWhenInUseUsageDescription = "Need location access";
				INFOPLIST_KEY_UIApplicationSupportsIndirectInputEvents = YES;
				INFOPLIST_KEY_UILaunchStoryboardName = LaunchScreen;
				INFOPLIST_KEY_UIMainStoryboardFile = Main;
				INFOPLIST_KEY_UISupportedInterfaceOrientations_iPad = "UIInterfaceOrientationPortrait UIInterfaceOrientationPortraitUpsideDown UIInterfaceOrientationLandscapeLeft UIInterfaceOrientationLandscapeRight";
				INFOPLIST_KEY_UISupportedInterfaceOrientations_iPhone = "UIInterfaceOrientationPortrait UIInterfaceOrientationLandscapeLeft UIInterfaceOrientationLandscapeRight";
				IPHONEOS_DEPLOYMENT_TARGET = 15.0;
				LD_RUNPATH_SEARCH_PATHS = (
					"$(inherited)",
					"@executable_path/Frameworks",
				);
				MARKETING_VERSION = 1.0;
				PRODUCT_BUNDLE_IDENTIFIER = "abc.Map-Kit-Demo";
				PRODUCT_NAME = "$(TARGET_NAME)";
				SWIFT_EMIT_LOC_STRINGS = YES;
				SWIFT_VERSION = 5.0;
				TARGETED_DEVICE_FAMILY = "1,2";
			};
			name = Release;
		};
		CBCAE48C2DBBA04A00626A29 /* Debug */ = {
			isa = XCBuildConfiguration;
			buildSettings = {
				ALWAYS_SEARCH_USER_PATHS = NO;
				ASSETCATALOG_COMPILER_GENERATE_SWIFT_ASSET_SYMBOL_EXTENSIONS = YES;
				CLANG_ANALYZER_NONNULL = YES;
				CLANG_ANALYZER_NUMBER_OBJECT_CONVERSION = YES_AGGRESSIVE;
				CLANG_CXX_LANGUAGE_STANDARD = "gnu++20";
				CLANG_ENABLE_MODULES = YES;
				CLANG_ENABLE_OBJC_ARC = YES;
				CLANG_ENABLE_OBJC_WEAK = YES;
				CLANG_WARN_BLOCK_CAPTURE_AUTORELEASING = YES;
				CLANG_WARN_BOOL_CONVERSION = YES;
				CLANG_WARN_COMMA = YES;
				CLANG_WARN_CONSTANT_CONVERSION = YES;
				CLANG_WARN_DEPRECATED_OBJC_IMPLEMENTATIONS = YES;
				CLANG_WARN_DIRECT_OBJC_ISA_USAGE = YES_ERROR;
				CLANG_WARN_DOCUMENTATION_COMMENTS = YES;
				CLANG_WARN_EMPTY_BODY = YES;
				CLANG_WARN_ENUM_CONVERSION = YES;
				CLANG_WARN_INFINITE_RECURSION = YES;
				CLANG_WARN_INT_CONVERSION = YES;
				CLANG_WARN_NON_LITERAL_NULL_CONVERSION = YES;
				CLANG_WARN_OBJC_IMPLICIT_RETAIN_SELF = YES;
				CLANG_WARN_OBJC_LITERAL_CONVERSION = YES;
				CLANG_WARN_OBJC_ROOT_CLASS = YES_ERROR;
				CLANG_WARN_QUOTED_INCLUDE_IN_FRAMEWORK_HEADER = YES;
				CLANG_WARN_RANGE_LOOP_ANALYSIS = YES;
				CLANG_WARN_STRICT_PROTOTYPES = YES;
				CLANG_WARN_SUSPICIOUS_MOVE = YES;
				CLANG_WARN_UNGUARDED_AVAILABILITY = YES_AGGRESSIVE;
				CLANG_WARN_UNREACHABLE_CODE = YES;
				CLANG_WARN__DUPLICATE_METHOD_MATCH = YES;
				COPY_PHASE_STRIP = NO;
				DEBUG_INFORMATION_FORMAT = dwarf;
				ENABLE_STRICT_OBJC_MSGSEND = YES;
				ENABLE_TESTABILITY = YES;
				ENABLE_USER_SCRIPT_SANDBOXING = YES;
				GCC_C_LANGUAGE_STANDARD = gnu17;
				GCC_DYNAMIC_NO_PIC = NO;
				GCC_NO_COMMON_BLOCKS = YES;
				GCC_OPTIMIZATION_LEVEL = 0;
				GCC_PREPROCESSOR_DEFINITIONS = (
					"DEBUG=1",
					"$(inherited)",
				);
				GCC_WARN_64_TO_32_BIT_CONVERSION = YES;
				GCC_WARN_ABOUT_RETURN_TYPE = YES_ERROR;
				GCC_WARN_UNDECLARED_SELECTOR = YES;
				GCC_WARN_UNINITIALIZED_AUTOS = YES_AGGRESSIVE;
				GCC_WARN_UNUSED_FUNCTION = YES;
				GCC_WARN_UNUSED_VARIABLE = YES;
				IPHONEOS_DEPLOYMENT_TARGET = 18.4;
				LOCALIZATION_PREFERS_STRING_CATALOGS = YES;
				MTL_ENABLE_DEBUG_INFO = INCLUDE_SOURCE;
				MTL_FAST_MATH = YES;
				ONLY_ACTIVE_ARCH = YES;
				SDKROOT = iphoneos;
				SWIFT_ACTIVE_COMPILATION_CONDITIONS = "DEBUG $(inherited)";
				SWIFT_OPTIMIZATION_LEVEL = "-Onone";
			};
			name = Debug;
		};
		CBCAE48D2DBBA04A00626A29 /* Release */ = {
			isa = XCBuildConfiguration;
			buildSettings = {
				ALWAYS_SEARCH_USER_PATHS = NO;
				ASSETCATALOG_COMPILER_GENERATE_SWIFT_ASSET_SYMBOL_EXTENSIONS = YES;
				CLANG_ANALYZER_NONNULL = YES;
				CLANG_ANALYZER_NUMBER_OBJECT_CONVERSION = YES_AGGRESSIVE;
				CLANG_CXX_LANGUAGE_STANDARD = "gnu++20";
				CLANG_ENABLE_MODULES = YES;
				CLANG_ENABLE_OBJC_ARC = YES;
				CLANG_ENABLE_OBJC_WEAK = YES;
				CLANG_WARN_BLOCK_CAPTURE_AUTORELEASING = YES;
				CLANG_WARN_BOOL_CONVERSION = YES;
				CLANG_WARN_COMMA = YES;
				CLANG_WARN_CONSTANT_CONVERSION = YES;
				CLANG_WARN_DEPRECATED_OBJC_IMPLEMENTATIONS = YES;
				CLANG_WARN_DIRECT_OBJC_ISA_USAGE = YES_ERROR;
				CLANG_WARN_DOCUMENTATION_COMMENTS = YES;
				CLANG_WARN_EMPTY_BODY = YES;
				CLANG_WARN_ENUM_CONVERSION = YES;
				CLANG_WARN_INFINITE_RECURSION = YES;
				CLANG_WARN_INT_CONVERSION = YES;
				CLANG_WARN_NON_LITERAL_NULL_CONVERSION = YES;
				CLANG_WARN_OBJC_IMPLICIT_RETAIN_SELF = YES;
				CLANG_WARN_OBJC_LITERAL_CONVERSION = YES;
				CLANG_WARN_OBJC_ROOT_CLASS = YES_ERROR;
				CLANG_WARN_QUOTED_INCLUDE_IN_FRAMEWORK_HEADER = YES;
				CLANG_WARN_RANGE_LOOP_ANALYSIS = YES;
				CLANG_WARN_STRICT_PROTOTYPES = YES;
				CLANG_WARN_SUSPICIOUS_MOVE = YES;
				CLANG_WARN_UNGUARDED_AVAILABILITY = YES_AGGRESSIVE;
				CLANG_WARN_UNREACHABLE_CODE = YES;
				CLANG_WARN__DUPLICATE_METHOD_MATCH = YES;
				COPY_PHASE_STRIP = NO;
				DEBUG_INFORMATION_FORMAT = "dwarf-with-dsym";
				ENABLE_NS_ASSERTIONS = NO;
				ENABLE_STRICT_OBJC_MSGSEND = YES;
				ENABLE_USER_SCRIPT_SANDBOXING = YES;
				GCC_C_LANGUAGE_STANDARD = gnu17;
				GCC_NO_COMMON_BLOCKS = YES;
				GCC_WARN_64_TO_32_BIT_CONVERSION = YES;
				GCC_WARN_ABOUT_RETURN_TYPE = YES_ERROR;
				GCC_WARN_UNDECLARED_SELECTOR = YES;
				GCC_WARN_UNINITIALIZED_AUTOS = YES_AGGRESSIVE;
				GCC_WARN_UNUSED_FUNCTION = YES;
				GCC_WARN_UNUSED_VARIABLE = YES;
				IPHONEOS_DEPLOYMENT_TARGET = 18.4;
				LOCALIZATION_PREFERS_STRING_CATALOGS = YES;
				MTL_ENABLE_DEBUG_INFO = NO;
				MTL_FAST_MATH = YES;
				SDKROOT = iphoneos;
				SWIFT_COMPILATION_MODE = wholemodule;
				VALIDATE_PRODUCT = YES;
			};
			name = Release;
		};
/* End XCBuildConfiguration section */

/* Begin XCConfigurationList section */
		CB73EAF92DBF7E2900030B34 /* Build configuration list for PBXNativeTarget "Map Kit DemoTests" */ = {
			isa = XCConfigurationList;
			buildConfigurations = (
				CB73EAFA2DBF7E2900030B34 /* Debug */,
				CB73EAFB2DBF7E2900030B34 /* Release */,
			);
			defaultConfigurationIsVisible = 0;
			defaultConfigurationName = Release;
		};
		CBCAE4712DBBA04900626A29 /* Build configuration list for PBXProject "Map Kit Demo" */ = {
			isa = XCConfigurationList;
			buildConfigurations = (
				CBCAE48C2DBBA04A00626A29 /* Debug */,
				CBCAE48D2DBBA04A00626A29 /* Release */,
			);
			defaultConfigurationIsVisible = 0;
			defaultConfigurationName = Release;
		};
		CBCAE4892DBBA04A00626A29 /* Build configuration list for PBXNativeTarget "Map Kit Demo" */ = {
			isa = XCConfigurationList;
			buildConfigurations = (
				CBCAE48A2DBBA04A00626A29 /* Debug */,
				CBCAE48B2DBBA04A00626A29 /* Release */,
			);
			defaultConfigurationIsVisible = 0;
			defaultConfigurationName = Release;
		};
/* End XCConfigurationList section */

/* Begin XCRemoteSwiftPackageReference section */
		CB8355412DBE3BB40060D088 /* XCRemoteSwiftPackageReference "HGCircularSlider" */ = {
			isa = XCRemoteSwiftPackageReference;
			repositoryURL = "https://github.com/HamzaGhazouani/HGCircularSlider";
			requirement = {
				kind = upToNextMajorVersion;
				minimumVersion = 2.2.1;
			};
		};
		CB83554D2DBE6F3C0060D088 /* XCRemoteSwiftPackageReference "IQKeyboardManager" */ = {
			isa = XCRemoteSwiftPackageReference;
			repositoryURL = "https://github.com/hackiftekhar/IQKeyboardManager";
			requirement = {
				kind = upToNextMajorVersion;
				minimumVersion = 8.0.1;
			};
		};
		CBCAE48E2DBBA4A400626A29 /* XCRemoteSwiftPackageReference "Anchorage" */ = {
			isa = XCRemoteSwiftPackageReference;
			repositoryURL = "https://github.com/Rightpoint/Anchorage";
			requirement = {
				kind = upToNextMajorVersion;
				minimumVersion = 4.5.0;
			};
		};
		CBE0CE742DBD33000079B316 /* XCRemoteSwiftPackageReference "Alamofire" */ = {
			isa = XCRemoteSwiftPackageReference;
			repositoryURL = "https://github.com/Alamofire/Alamofire";
			requirement = {
				kind = upToNextMajorVersion;
				minimumVersion = 5.10.2;
			};
		};
/* End XCRemoteSwiftPackageReference section */

/* Begin XCSwiftPackageProductDependency section */
		CB8355422DBE3BB40060D088 /* HGCircularSlider */ = {
			isa = XCSwiftPackageProductDependency;
			package = CB8355412DBE3BB40060D088 /* XCRemoteSwiftPackageReference "HGCircularSlider" */;
			productName = HGCircularSlider;
		};
		CB83554E2DBE6F3C0060D088 /* IQKeyboardManagerSwift */ = {
			isa = XCSwiftPackageProductDependency;
			package = CB83554D2DBE6F3C0060D088 /* XCRemoteSwiftPackageReference "IQKeyboardManager" */;
			productName = IQKeyboardManagerSwift;
		};
		CBCAE48F2DBBA4A400626A29 /* Anchorage */ = {
			isa = XCSwiftPackageProductDependency;
			package = CBCAE48E2DBBA4A400626A29 /* XCRemoteSwiftPackageReference "Anchorage" */;
			productName = Anchorage;
		};
		CBE0CE752DBD33000079B316 /* Alamofire */ = {
			isa = XCSwiftPackageProductDependency;
			package = CBE0CE742DBD33000079B316 /* XCRemoteSwiftPackageReference "Alamofire" */;
			productName = Alamofire;
		};
/* End XCSwiftPackageProductDependency section */
	};
	rootObject = CBCAE46E2DBBA04900626A29 /* Project object */;
}
